
Microsoft Visual Studio Solution File, Format Version 12.00
# Visual Studio Version 17
VisualStudioVersion = 17.9.34310.174
MinimumVisualStudioVersion = 10.0.40219.1
Project("{9A19103F-16F7-4668-BE54-9A1E7A4F7556}") = "schedule-aspcore-service", "schedule-aspcore-service.csproj", "{535A9662-7590-4759-A917-50EFCBE3A74B}"
EndProject
Global
	GlobalSection(SolutionConfigurationPlatforms) = preSolution
		Debug|Any CPU = Debug|Any CPU
		Release|Any CPU = Release|Any CPU
	EndGlobalSection
	GlobalSection(ProjectConfigurationPlatforms) = postSolution
		{535A9662-7590-4759-A917-50EFCBE3A74B}.Debug|Any CPU.ActiveCfg = Debug|Any CPU
		{535A9662-7590-4759-A917-50EFCBE3A74B}.Debug|Any CPU.Build.0 = Debug|Any CPU
		{535A9662-7590-4759-A917-50EFCBE3A74B}.Release|Any CPU.ActiveCfg = Release|Any CPU
		{535A9662-7590-4759-A917-50EFCBE3A74B}.Release|Any CPU.Build.0 = Release|Any CPU
	EndGlobalSection
	GlobalSection(SolutionProperties) = preSolution
		HideSolutionNode = FALSE
	EndGlobalSection
	GlobalSection(ExtensibilityGlobals) = postSolution
		SolutionGuid = {5150D9B7-396F-4D75-8238-7ADD94057629}
	EndGlobalSection
EndGlobal
